
Microsoft Visual Studio Solution File, Format Version 12.00
# Visual Studio Version 16
VisualStudioVersion = 16.0.30413.136
MinimumVisualStudioVersion = 10.0.40219.1
Project("{9A19103F-16F7-4668-BE54-9A1E7A4F7556}") = "MarsRoverPhotosAPI", "MarsRoverPhotosAPI\MarsRoverPhotosAPI.csproj", "{52C2127F-C68C-446D-9CA7-24EA18E5C90A}"
EndProject
Project("{9A19103F-16F7-4668-BE54-9A1E7A4F7556}") = "MarsRoverPhotosAPITests", "MarsRoverPhotosAPITests\MarsRoverPhotosAPITests.csproj", "{6D79853C-11D0-4D16-9591-1835F5AFC52E}"
EndProject
Project("{9A19103F-16F7-4668-BE54-9A1E7A4F7556}") = "MarsRoverPhotosWeb", "MarsRoverPhotosWeb\MarsRoverPhotosWeb.csproj", "{7B88E7EB-6260-4203-8CC6-7E8B88F8E694}"
EndProject
Global
	GlobalSection(SolutionConfigurationPlatforms) = preSolution
		Debug|Any CPU = Debug|Any CPU
		Release|Any CPU = Release|Any CPU
	EndGlobalSection
	GlobalSection(ProjectConfigurationPlatforms) = postSolution
		{52C2127F-C68C-446D-9CA7-24EA18E5C90A}.Debug|Any CPU.ActiveCfg = Debug|Any CPU
		{52C2127F-C68C-446D-9CA7-24EA18E5C90A}.Debug|Any CPU.Build.0 = Debug|Any CPU
		{52C2127F-C68C-446D-9CA7-24EA18E5C90A}.Release|Any CPU.ActiveCfg = Release|Any CPU
		{52C2127F-C68C-446D-9CA7-24EA18E5C90A}.Release|Any CPU.Build.0 = Release|Any CPU
		{6D79853C-11D0-4D16-9591-1835F5AFC52E}.Debug|Any CPU.ActiveCfg = Debug|Any CPU
		{6D79853C-11D0-4D16-9591-1835F5AFC52E}.Debug|Any CPU.Build.0 = Debug|Any CPU
		{6D79853C-11D0-4D16-9591-1835F5AFC52E}.Release|Any CPU.ActiveCfg = Release|Any CPU
		{6D79853C-11D0-4D16-9591-1835F5AFC52E}.Release|Any CPU.Build.0 = Release|Any CPU
		{7B88E7EB-6260-4203-8CC6-7E8B88F8E694}.Debug|Any CPU.ActiveCfg = Debug|Any CPU
		{7B88E7EB-6260-4203-8CC6-7E8B88F8E694}.Debug|Any CPU.Build.0 = Debug|Any CPU
		{7B88E7EB-6260-4203-8CC6-7E8B88F8E694}.Release|Any CPU.ActiveCfg = Release|Any CPU
		{7B88E7EB-6260-4203-8CC6-7E8B88F8E694}.Release|Any CPU.Build.0 = Release|Any CPU
	EndGlobalSection
	GlobalSection(SolutionProperties) = preSolution
		HideSolutionNode = FALSE
	EndGlobalSection
	GlobalSection(ExtensibilityGlobals) = postSolution
		SolutionGuid = {A3103FBA-71CE-4AA5-BB07-2A611E689F0A}
	EndGlobalSection
EndGlobal
